{
  "name": "transcendence",
  "version": "1.0.0",
  "lockfileVersion": 3,
  "requires": true,
  "packages": {
    "": {
      "name": "transcendence",
      "version": "1.0.0",
      "devDependencies": {
        "pnpm": "^11.16.0"
      }
    },
    "node_modules/pnpm": {
      "version": "11.16.0",
      "resolved": "https://registry.npmjs.org/pnpm/-/pnpm-11.16.0.tgz",
      "integrity": "sha512-t2fpqY/IeuwPQtrvzQ6ElBws20XXPE4eaIYPsr39vgMqtZIQVHnl4Fwjf3QMil/9u7UjhXl93CKWdFobu4g+jQ==",
      "dev": true,
      "license": "MIT",
      "bin": {
        "pn": "bin/pnpm.mjs",
        "pnpm": "bin/pnpm.mjs",
        "pnpx": "bin/pnpx.mjs",
        "pnx": "bin/pnpx.mjs"
      },
      "engines": {
        "node": ">=22.13"
      },
      "funding": {
        "url": "https://opencollective.com/pnpm"
      }
    }
  }
}
